// !$*UTF8*$!
{
	archiveVersion = 1;
	classes = {
	};
	objectVersion = 70;
	objects = {

/* Begin PBXBuildFile section */
		0719A2FDD3F943368311230F /* SettingsViewModel.swift in Sources */ = {isa = PBXBuildFile; fileRef = 3647223994004DCC998E05D8 /* SettingsViewModel.swift */; };
		11A101A58C814A5FB0B57E9C /* BookmarkEditorView.swift in Sources */ = {isa = PBXBuildFile; fileRef = A6EE641EE33D4E7280C94B65 /* BookmarkEditorView.swift */; };
		16C2D3A42EDD07BD00D69D73 /* Locate to the current location and collect.appex in Embed Foundation Extensions */ = {isa = PBXBuildFile; fileRef = 16C2D39A2EDD07BC00D69D73 /* Locate to the current location and collect.appex */; settings = {ATTRIBUTES = (RemoveHeadersOnCopy, ); }; };
		2AE2A2061A2C4050BC62164E /* BookmarkCardView.swift in Sources */ = {isa = PBXBuildFile; fileRef = 4FCE24A579D34E49AC30FE6D /* BookmarkCardView.swift */; };
		347BEE85373749BDA28EFB0B /* BookmarksViewModel.swift in Sources */ = {isa = PBXBuildFile; fileRef = 48C3FBCB17454DF6A2144245 /* BookmarksViewModel.swift */; };
		363B452057D84096BF4DA3FE /* MapCanvasView.swift in Sources */ = {isa = PBXBuildFile; fileRef = 77AE80BFEEBE403098CD4E65 /* MapCanvasView.swift */; };
		3CF769C315BC461BBC34D2FA /* BookmarksScreen.swift in Sources */ = {isa = PBXBuildFile; fileRef = 58BD149D46424CFABD9A02C1 /* BookmarksScreen.swift */; };
		5494540E0365446BAFCA858B /* StatusBadge.swift in Sources */ = {isa = PBXBuildFile; fileRef = EF190F714203472D9665EAC0 /* StatusBadge.swift */; };
		67527A7DB28B4FF6BA5B85B4 /* BookmarkEditorMode.swift in Sources */ = {isa = PBXBuildFile; fileRef = 87188BFC750641E09EB39179 /* BookmarkEditorMode.swift */; };
		6C64D385951749AC917E2FF6 /* MapViewModel.swift in Sources */ = {isa = PBXBuildFile; fileRef = 8C4A4BD6530C437EA975C055 /* MapViewModel.swift */; };
		7002B0DAE1CB4BB7852C6BF6 /* LocationSpoofingEngine.swift in Sources */ = {isa = PBXBuildFile; fileRef = C50E374681994FAF9F0CDC27 /* LocationSpoofingEngine.swift */; };
		7460C665F5FE440699E2380C /* LocSimAppModel.swift in Sources */ = {isa = PBXBuildFile; fileRef = 2435A5EFC27E4071BFD5B8C9 /* LocSimAppModel.swift */; };
		790301C12B377EA70044E30A /* Localizable.xcstrings in Resources */ = {isa = PBXBuildFile; fileRef = 790301C02B377EA70044E30A /* Localizable.xcstrings */; };
		7930B46D2B4B2AD800A5B0CB /* MobileCoreServices.framework in Frameworks */ = {isa = PBXBuildFile; fileRef = 7930B4592B4B267F00A5B0CB /* MobileCoreServices.framework */; };
		7930B46E2B4B2ADD00A5B0CB /* CoreServices.framework in Frameworks */ = {isa = PBXBuildFile; fileRef = 790301BC2B3774F90044E30A /* CoreServices.framework */; };
		799488A62B347E2C00AFFDCF /* LocSimManager.swift in Sources */ = {isa = PBXBuildFile; fileRef = 799488A52B347E2C00AFFDCF /* LocSimManager.swift */; };
		7D89B5874C494E589F3B01EF /* LocSimSettings.swift in Sources */ = {isa = PBXBuildFile; fileRef = 36F1C9E472EC4E369A368682 /* LocSimSettings.swift */; };
		7F5B52E184854CC7B0482253 /* LocationModels.swift in Sources */ = {isa = PBXBuildFile; fileRef = EC201BB4EEC44FA1A9A98803 /* LocationModels.swift */; };
		8E4ADBAEBAD243FE9045D0D1 /* SettingsScreen.swift in Sources */ = {isa = PBXBuildFile; fileRef = 23720092DB2C4D7BA6148776 /* SettingsScreen.swift */; };
		991F25A3C174462C9278E41B /* Bookmark.swift in Sources */ = {isa = PBXBuildFile; fileRef = 2BBD846665F7420EA427A2D2 /* Bookmark.swift */; };
		994EDB43E82B4DEBAE2D99A4 /* MainTabView.swift in Sources */ = {isa = PBXBuildFile; fileRef = 93CE47062E3D4CE792CD8051 /* MainTabView.swift */; };
		E90E4FCDF6B641E28BB3A0D2 /* MapScreen.swift in Sources */ = {isa = PBXBuildFile; fileRef = 30FD26C6925443D29C895557 /* MapScreen.swift */; };
		F59FE641C91349D99152FA8F /* BookmarkStore.swift in Sources */ = {isa = PBXBuildFile; fileRef = 15C8419330A04C1084B5A7FB /* BookmarkStore.swift */; };
		F82C58042E37786D00F76DFA /* CoordTransform.swift in Sources */ = {isa = PBXBuildFile; fileRef = F82C58032E37786D00F76DFA /* CoordTransform.swift */; };
		FAA456D52B265FEA00FC7287 /* GeraniumApp.swift in Sources */ = {isa = PBXBuildFile; fileRef = FAA456D42B265FEA00FC7287 /* GeraniumApp.swift */; };
		FAA456D72B265FEA00FC7287 /* ContentView.swift in Sources */ = {isa = PBXBuildFile; fileRef = FAA456D62B265FEA00FC7287 /* ContentView.swift */; };
		FAA456D92B265FEC00FC7287 /* Assets.xcassets in Resources */ = {isa = PBXBuildFile; fileRef = FAA456D82B265FEC00FC7287 /* Assets.xcassets */; };
		FAA456DC2B265FEC00FC7287 /* Preview Assets.xcassets in Resources */ = {isa = PBXBuildFile; fileRef = FAA456DB2B265FEC00FC7287 /* Preview Assets.xcassets */; };
		FAA457232B26654700FC7287 /* Addon.swift in Sources */ = {isa = PBXBuildFile; fileRef = FAA457222B26654700FC7287 /* Addon.swift */; };
/* End PBXBuildFile section */

/* Begin PBXContainerItemProxy section */
		16C2D3A22EDD07BD00D69D73 /* PBXContainerItemProxy */ = {
			isa = PBXContainerItemProxy;
			containerPortal = FAA456C92B265FEA00FC7287 /* Project object */;
			proxyType = 1;
			remoteGlobalIDString = 16C2D3992EDD07BC00D69D73;
			remoteInfo = "Locate to the current location and collect";
		};
		FAA456E22B265FED00FC7287 /* PBXContainerItemProxy */ = {
			isa = PBXContainerItemProxy;
			containerPortal = FAA456C92B265FEA00FC7287 /* Project object */;
			proxyType = 1;
			remoteGlobalIDString = FAA456D02B265FEA00FC7287;
			remoteInfo = Geranium;
		};
		FAA456EC2B265FED00FC7287 /* PBXContainerItemProxy */ = {
			isa = PBXContainerItemProxy;
			containerPortal = FAA456C92B265FEA00FC7287 /* Project object */;
			proxyType = 1;
			remoteGlobalIDString = FAA456D02B265FEA00FC7287;
			remoteInfo = Geranium;
		};
/* End PBXContainerItemProxy section */

/* Begin PBXCopyFilesBuildPhase section */
		796072ED2B4F4FAE00737B5D /* Embed Foundation Extensions */ = {
			isa = PBXCopyFilesBuildPhase;
			buildActionMask = 2147483647;
			dstPath = "";
			dstSubfolderSpec = 13;
			files = (
				16C2D3A42EDD07BD00D69D73 /* Locate to the current location and collect.appex in Embed Foundation Extensions */,
			);
			name = "Embed Foundation Extensions";
			runOnlyForDeploymentPostprocessing = 0;
		};
/* End PBXCopyFilesBuildPhase section */

/* Begin PBXFileReference section */
		15C8419330A04C1084B5A7FB /* BookmarkStore.swift */ = {isa = PBXFileReference; lastKnownFileType = sourcecode.swift; path = BookmarkStore.swift; sourceTree = "<group>"; };
		16C2D39A2EDD07BC00D69D73 /* Locate to the current location and collect.appex */ = {isa = PBXFileReference; explicitFileType = "wrapper.app-extension"; includeInIndex = 0; path = "Locate to the current location and collect.appex"; sourceTree = BUILT_PRODUCTS_DIR; };
		23720092DB2C4D7BA6148776 /* SettingsScreen.swift */ = {isa = PBXFileReference; lastKnownFileType = sourcecode.swift; path = SettingsScreen.swift; sourceTree = "<group>"; };
		2435A5EFC27E4071BFD5B8C9 /* LocSimAppModel.swift */ = {isa = PBXFileReference; lastKnownFileType = sourcecode.swift; path = LocSimAppModel.swift; sourceTree = "<group>"; };
		2BBD846665F7420EA427A2D2 /* Bookmark.swift */ = {isa = PBXFileReference; lastKnownFileType = sourcecode.swift; path = Bookmark.swift; sourceTree = "<group>"; };
		30FD26C6925443D29C895557 /* MapScreen.swift */ = {isa = PBXFileReference; lastKnownFileType = sourcecode.swift; path = MapScreen.swift; sourceTree = "<group>"; };
		3647223994004DCC998E05D8 /* SettingsViewModel.swift */ = {isa = PBXFileReference; lastKnownFileType = sourcecode.swift; path = SettingsViewModel.swift; sourceTree = "<group>"; };
		36F1C9E472EC4E369A368682 /* LocSimSettings.swift */ = {isa = PBXFileReference; lastKnownFileType = sourcecode.swift; path = LocSimSettings.swift; sourceTree = "<group>"; };
		48C3FBCB17454DF6A2144245 /* BookmarksViewModel.swift */ = {isa = PBXFileReference; lastKnownFileType = sourcecode.swift; path = BookmarksViewModel.swift; sourceTree = "<group>"; };
		4FCE24A579D34E49AC30FE6D /* BookmarkCardView.swift */ = {isa = PBXFileReference; lastKnownFileType = sourcecode.swift; path = BookmarkCardView.swift; sourceTree = "<group>"; };
		58BD149D46424CFABD9A02C1 /* BookmarksScreen.swift */ = {isa = PBXFileReference; lastKnownFileType = sourcecode.swift; path = BookmarksScreen.swift; sourceTree = "<group>"; };
		77AE80BFEEBE403098CD4E65 /* MapCanvasView.swift */ = {isa = PBXFileReference; lastKnownFileType = sourcecode.swift; path = MapCanvasView.swift; sourceTree = "<group>"; };
		790301BA2B37747A0044E30A /* Foundation.framework */ = {isa = PBXFileReference; lastKnownFileType = wrapper.framework; name = Foundation.framework; path = System/Library/Frameworks/Foundation.framework; sourceTree = SDKROOT; };
		790301BC2B3774F90044E30A /* CoreServices.framework */ = {isa = PBXFileReference; lastKnownFileType = wrapper.framework; name = CoreServices.framework; path = System/Library/Frameworks/CoreServices.framework; sourceTree = SDKROOT; };
		790301C02B377EA70044E30A /* Localizable.xcstrings */ = {isa = PBXFileReference; indentWidth = 2; lastKnownFileType = text.json.xcstrings; path = Localizable.xcstrings; sourceTree = "<group>"; tabWidth = 2; };
		7930B4592B4B267F00A5B0CB /* MobileCoreServices.framework */ = {isa = PBXFileReference; lastKnownFileType = wrapper.framework; name = MobileCoreServices.framework; path = System/Library/Frameworks/MobileCoreServices.framework; sourceTree = SDKROOT; };
		796072DF2B4F4FAE00737B5D /* UniformTypeIdentifiers.framework */ = {isa = PBXFileReference; lastKnownFileType = wrapper.framework; name = UniformTypeIdentifiers.framework; path = System/Library/Frameworks/UniformTypeIdentifiers.framework; sourceTree = SDKROOT; };
		796072E22B4F4FAE00737B5D /* Media.xcassets */ = {isa = PBXFileReference; lastKnownFileType = folder.assetcatalog; path = Media.xcassets; sourceTree = "<group>"; };
		796072E42B4F4FAE00737B5D /* ActionViewController.swift */ = {isa = PBXFileReference; lastKnownFileType = sourcecode.swift; path = ActionViewController.swift; sourceTree = "<group>"; };
		796072E92B4F4FAE00737B5D /* Info.plist */ = {isa = PBXFileReference; lastKnownFileType = text.plist.xml; path = Info.plist; sourceTree = "<group>"; };
		796072F12B4F5A7A00737B5D /* Geranium.entitlements */ = {isa = PBXFileReference; lastKnownFileType = text.plist.entitlements; path = Geranium.entitlements; sourceTree = "<group>"; };
		796072F22B4F616B00737B5D /* Bookmark Location in Geranium.entitlements */ = {isa = PBXFileReference; lastKnownFileType = text.plist.entitlements; path = "Bookmark Location in Geranium.entitlements"; sourceTree = "<group>"; };
		799488A52B347E2C00AFFDCF /* LocSimManager.swift */ = {isa = PBXFileReference; fileEncoding = 4; lastKnownFileType = sourcecode.swift; path = LocSimManager.swift; sourceTree = "<group>"; };
		799488A72B347E2F00AFFDCF /* LocSimPrivateHeaders.h */ = {isa = PBXFileReference; lastKnownFileType = sourcecode.c.h; path = LocSimPrivateHeaders.h; sourceTree = "<group>"; };
		87188BFC750641E09EB39179 /* BookmarkEditorMode.swift */ = {isa = PBXFileReference; lastKnownFileType = sourcecode.swift; path = BookmarkEditorMode.swift; sourceTree = "<group>"; };
		8C4A4BD6530C437EA975C055 /* MapViewModel.swift */ = {isa = PBXFileReference; lastKnownFileType = sourcecode.swift; path = MapViewModel.swift; sourceTree = "<group>"; };
		93CE47062E3D4CE792CD8051 /* MainTabView.swift */ = {isa = PBXFileReference; lastKnownFileType = sourcecode.swift; path = MainTabView.swift; sourceTree = "<group>"; };
		A6EE641EE33D4E7280C94B65 /* BookmarkEditorView.swift */ = {isa = PBXFileReference; lastKnownFileType = sourcecode.swift; path = BookmarkEditorView.swift; sourceTree = "<group>"; };
		C50E374681994FAF9F0CDC27 /* LocationSpoofingEngine.swift */ = {isa = PBXFileReference; lastKnownFileType = sourcecode.swift; path = LocationSpoofingEngine.swift; sourceTree = "<group>"; };
		EC201BB4EEC44FA1A9A98803 /* LocationModels.swift */ = {isa = PBXFileReference; lastKnownFileType = sourcecode.swift; path = LocationModels.swift; sourceTree = "<group>"; };
		EF190F714203472D9665EAC0 /* StatusBadge.swift */ = {isa = PBXFileReference; lastKnownFileType = sourcecode.swift; path = StatusBadge.swift; sourceTree = "<group>"; };
		F82C58032E37786D00F76DFA /* CoordTransform.swift */ = {isa = PBXFileReference; lastKnownFileType = sourcecode.swift; path = CoordTransform.swift; sourceTree = "<group>"; };
		FAA456D12B265FEA00FC7287 /* Geranium.app */ = {isa = PBXFileReference; explicitFileType = wrapper.application; includeInIndex = 0; path = Geranium.app; sourceTree = BUILT_PRODUCTS_DIR; };
		FAA456D42B265FEA00FC7287 /* GeraniumApp.swift */ = {isa = PBXFileReference; lastKnownFileType = sourcecode.swift; path = GeraniumApp.swift; sourceTree = "<group>"; };
		FAA456D62B265FEA00FC7287 /* ContentView.swift */ = {isa = PBXFileReference; lastKnownFileType = sourcecode.swift; path = ContentView.swift; sourceTree = "<group>"; };
		FAA456D82B265FEC00FC7287 /* Assets.xcassets */ = {isa = PBXFileReference; lastKnownFileType = folder.assetcatalog; path = Assets.xcassets; sourceTree = "<group>"; };
		FAA456DB2B265FEC00FC7287 /* Preview Assets.xcassets */ = {isa = PBXFileReference; lastKnownFileType = folder.assetcatalog; path = "Preview Assets.xcassets"; sourceTree = "<group>"; };
		FAA456E12B265FED00FC7287 /* GeraniumTests.xctest */ = {isa = PBXFileReference; explicitFileType = wrapper.cfbundle; includeInIndex = 0; path = GeraniumTests.xctest; sourceTree = BUILT_PRODUCTS_DIR; };
		FAA456EB2B265FED00FC7287 /* GeraniumUITests.xctest */ = {isa = PBXFileReference; explicitFileType = wrapper.cfbundle; includeInIndex = 0; path = GeraniumUITests.xctest; sourceTree = BUILT_PRODUCTS_DIR; };
		FAA457042B2660AC00FC7287 /* Geranium-Bringing-Header.h */ = {isa = PBXFileReference; lastKnownFileType = sourcecode.c.h; path = "Geranium-Bringing-Header.h"; sourceTree = "<group>"; };
		FAA457222B26654700FC7287 /* Addon.swift */ = {isa = PBXFileReference; fileEncoding = 4; lastKnownFileType = sourcecode.swift; path = Addon.swift; sourceTree = "<group>"; };
/* End PBXFileReference section */

/* Begin PBXFileSystemSynchronizedBuildFileExceptionSet section */
		16C2D3A52EDD07BD00D69D73 /* PBXFileSystemSynchronizedBuildFileExceptionSet */ = {
			isa = PBXFileSystemSynchronizedBuildFileExceptionSet;
			membershipExceptions = (
				Info.plist,
			);
			target = 16C2D3992EDD07BC00D69D73 /* Locate to the current location and collect */;
		};
/* End PBXFileSystemSynchronizedBuildFileExceptionSet section */

/* Begin PBXFileSystemSynchronizedRootGroup section */
		16C2D39B2EDD07BD00D69D73 /* Locate to the current location and collect */ = {isa = PBXFileSystemSynchronizedRootGroup; exceptions = (16C2D3A52EDD07BD00D69D73 /* PBXFileSystemSynchronizedBuildFileExceptionSet */, ); explicitFileTypes = {}; explicitFolders = (); path = "Locate to the current location and collect"; sourceTree = "<group>"; };
/* End PBXFileSystemSynchronizedRootGroup section */

/* Begin PBXFrameworksBuildPhase section */
		16C2D3972EDD07BC00D69D73 /* Frameworks */ = {
			isa = PBXFrameworksBuildPhase;
			buildActionMask = 2147483647;
			files = (
			);
			runOnlyForDeploymentPostprocessing = 0;
		};
		FAA456CE2B265FEA00FC7287 /* Frameworks */ = {
			isa = PBXFrameworksBuildPhase;
			buildActionMask = 2147483647;
			files = (
				7930B46D2B4B2AD800A5B0CB /* MobileCoreServices.framework in Frameworks */,
				7930B46E2B4B2ADD00A5B0CB /* CoreServices.framework in Frameworks */,
			);
			runOnlyForDeploymentPostprocessing = 0;
		};
		FAA456DE2B265FED00FC7287 /* Frameworks */ = {
			isa = PBXFrameworksBuildPhase;
			buildActionMask = 2147483647;
			files = (
			);
			runOnlyForDeploymentPostprocessing = 0;
		};
		FAA456E82B265FED00FC7287 /* Frameworks */ = {
			isa = PBXFrameworksBuildPhase;
			buildActionMask = 2147483647;
			files = (
			);
			runOnlyForDeploymentPostprocessing = 0;
		};
/* End PBXFrameworksBuildPhase section */

/* Begin PBXGroup section */
		39425223504849A5913BEEEF /* ViewModels */ = {
			isa = PBXGroup;
			children = (
				8C4A4BD6530C437EA975C055 /* MapViewModel.swift */,
				48C3FBCB17454DF6A2144245 /* BookmarksViewModel.swift */,
				3647223994004DCC998E05D8 /* SettingsViewModel.swift */,
				87188BFC750641E09EB39179 /* BookmarkEditorMode.swift */,
			);
			path = ViewModels;
			sourceTree = "<group>";
		};
		39C16911496D428C95464AF0 /* Bookmarks */ = {
			isa = PBXGroup;
			children = (
				2BBD846665F7420EA427A2D2 /* Bookmark.swift */,
				15C8419330A04C1084B5A7FB /* BookmarkStore.swift */,
			);
			path = Bookmarks;
			sourceTree = "<group>";
		};
		4B0BD4956901491A8C3F12A6 /* Map */ = {
			isa = PBXGroup;
			children = (
				30FD26C6925443D29C895557 /* MapScreen.swift */,
				77AE80BFEEBE403098CD4E65 /* MapCanvasView.swift */,
			);
			path = Map;
			sourceTree = "<group>";
		};
		6BFEB8FF256944978FB956EE /* Settings */ = {
			isa = PBXGroup;
			children = (
				23720092DB2C4D7BA6148776 /* SettingsScreen.swift */,
			);
			path = Settings;
			sourceTree = "<group>";
		};
		790301B92B37747A0044E30A /* Frameworks */ = {
			isa = PBXGroup;
			children = (
				7930B4592B4B267F00A5B0CB /* MobileCoreServices.framework */,
				790301BC2B3774F90044E30A /* CoreServices.framework */,
				790301BA2B37747A0044E30A /* Foundation.framework */,
				796072DF2B4F4FAE00737B5D /* UniformTypeIdentifiers.framework */,
			);
			name = Frameworks;
			sourceTree = "<group>";
		};
		790301BF2B377E850044E30A /* Translations */ = {
			isa = PBXGroup;
			children = (
				790301C02B377EA70044E30A /* Localizable.xcstrings */,
			);
			path = Translations;
			sourceTree = "<group>";
		};
		796072E12B4F4FAE00737B5D /* Bookmark Location in Geranium */ = {
			isa = PBXGroup;
			children = (
				796072F22B4F616B00737B5D /* Bookmark Location in Geranium.entitlements */,
				796072E22B4F4FAE00737B5D /* Media.xcassets */,
				796072E42B4F4FAE00737B5D /* ActionViewController.swift */,
				796072E92B4F4FAE00737B5D /* Info.plist */,
			);
			path = "Bookmark Location in Geranium";
			sourceTree = "<group>";
		};
		799488A42B347E1100AFFDCF /* LocSim */ = {
			isa = PBXGroup;
			children = (
				F82C58032E37786D00F76DFA /* CoordTransform.swift */,
				799488A52B347E2C00AFFDCF /* LocSimManager.swift */,
				799488A72B347E2F00AFFDCF /* LocSimPrivateHeaders.h */,
			);
			path = LocSim;
			sourceTree = "<group>";
		};
		7F980CD8F9CD46E490FBAFD7 /* Location */ = {
			isa = PBXGroup;
			children = (
				EC201BB4EEC44FA1A9A98803 /* LocationModels.swift */,
				C50E374681994FAF9F0CDC27 /* LocationSpoofingEngine.swift */,
			);
			path = Location;
			sourceTree = "<group>";
		};
		8B3695A81CE34B0EACDA93FE /* Core */ = {
			isa = PBXGroup;
			children = (
				7F980CD8F9CD46E490FBAFD7 /* Location */,
			);
			path = Core;
			sourceTree = "<group>";
		};
		9BF814590F1F40CB827AE377 /* Main */ = {
			isa = PBXGroup;
			children = (
				93CE47062E3D4CE792CD8051 /* MainTabView.swift */,
			);
			path = Main;
			sourceTree = "<group>";
		};
		BD7DD6BEE17E4091836908D8 /* Components */ = {
			isa = PBXGroup;
			children = (
				EF190F714203472D9665EAC0 /* StatusBadge.swift */,
			);
			path = Components;
			sourceTree = "<group>";
		};
		D72758EF572141B7A3664B02 /* Support */ = {
			isa = PBXGroup;
			children = (
				36F1C9E472EC4E369A368682 /* LocSimSettings.swift */,
				2435A5EFC27E4071BFD5B8C9 /* LocSimAppModel.swift */,
			);
			path = Support;
			sourceTree = "<group>";
		};
		DF235EBBD1774397BFE2F05F /* Bookmarks */ = {
			isa = PBXGroup;
			children = (
				58BD149D46424CFABD9A02C1 /* BookmarksScreen.swift */,
				4FCE24A579D34E49AC30FE6D /* BookmarkCardView.swift */,
				A6EE641EE33D4E7280C94B65 /* BookmarkEditorView.swift */,
			);
			path = Bookmarks;
			sourceTree = "<group>";
		};
		DF71C8A52D834423A6ADC3D2 /* UI */ = {
			isa = PBXGroup;
			children = (
				BD7DD6BEE17E4091836908D8 /* Components */,
				9BF814590F1F40CB827AE377 /* Main */,
				4B0BD4956901491A8C3F12A6 /* Map */,
				DF235EBBD1774397BFE2F05F /* Bookmarks */,
				6BFEB8FF256944978FB956EE /* Settings */,
			);
			path = UI;
			sourceTree = "<group>";
		};
		F94D8153F44949689FF2EEF9 /* Data */ = {
			isa = PBXGroup;
			children = (
				39C16911496D428C95464AF0 /* Bookmarks */,
			);
			path = Data;
			sourceTree = "<group>";
		};
		FAA456C82B265FEA00FC7287 = {
			isa = PBXGroup;
			children = (
				FAA456D32B265FEA00FC7287 /* Geranium */,
				796072E12B4F4FAE00737B5D /* Bookmark Location in Geranium */,
				16C2D39B2EDD07BD00D69D73 /* Locate to the current location and collect */,
				FAA456D22B265FEA00FC7287 /* Products */,
				790301B92B37747A0044E30A /* Frameworks */,
			);
			sourceTree = "<group>";
		};
		FAA456D22B265FEA00FC7287 /* Products */ = {
			isa = PBXGroup;
			children = (
				FAA456D12B265FEA00FC7287 /* Geranium.app */,
				FAA456E12B265FED00FC7287 /* GeraniumTests.xctest */,
				FAA456EB2B265FED00FC7287 /* GeraniumUITests.xctest */,
				16C2D39A2EDD07BC00D69D73 /* Locate to the current location and collect.appex */,
			);
			name = Products;
			sourceTree = "<group>";
		};
		FAA456D32B265FEA00FC7287 /* Geranium */ = {
			isa = PBXGroup;
			children = (
				796072F12B4F5A7A00737B5D /* Geranium.entitlements */,
				FAA456D42B265FEA00FC7287 /* GeraniumApp.swift */,
				FAA457042B2660AC00FC7287 /* Geranium-Bringing-Header.h */,
				FAA457052B2661AD00FC7287 /* Libs */,
				FAA456D62B265FEA00FC7287 /* ContentView.swift */,
				799488A42B347E1100AFFDCF /* LocSim */,
				8B3695A81CE34B0EACDA93FE /* Core */,
				F94D8153F44949689FF2EEF9 /* Data */,
				D72758EF572141B7A3664B02 /* Support */,
				39425223504849A5913BEEEF /* ViewModels */,
				DF71C8A52D834423A6ADC3D2 /* UI */,
				790301BF2B377E850044E30A /* Translations */,
				FAA456D82B265FEC00FC7287 /* Assets.xcassets */,
				FAA456DA2B265FEC00FC7287 /* Preview Content */,
			);
			path = Geranium;
			sourceTree = "<group>";
		};
		FAA456DA2B265FEC00FC7287 /* Preview Content */ = {
			isa = PBXGroup;
			children = (
				FAA456DB2B265FEC00FC7287 /* Preview Assets.xcassets */,
			);
			path = "Preview Content";
			sourceTree = "<group>";
		};
		FAA457052B2661AD00FC7287 /* Libs */ = {
			isa = PBXGroup;
			children = (
				FAA457222B26654700FC7287 /* Addon.swift */,
			);
			path = Libs;
			sourceTree = "<group>";
		};
/* End PBXGroup section */

/* Begin PBXNativeTarget section */
		16C2D3992EDD07BC00D69D73 /* Locate to the current location and collect */ = {
			isa = PBXNativeTarget;
			buildConfigurationList = 16C2D3A62EDD07BD00D69D73 /* Build configuration list for PBXNativeTarget "Locate to the current location and collect" */;
			buildPhases = (
				16C2D3962EDD07BC00D69D73 /* Sources */,
				16C2D3972EDD07BC00D69D73 /* Frameworks */,
				16C2D3982EDD07BC00D69D73 /* Resources */,
			);
			buildRules = (
			);
			dependencies = (
			);
			fileSystemSynchronizedGroups = (
				16C2D39B2EDD07BD00D69D73 /* Locate to the current location and collect */,
			);
			name = "Locate to the current location and collect";
			packageProductDependencies = (
			);
			productName = "Locate to the current location and collect";
			productReference = 16C2D39A2EDD07BC00D69D73 /* Locate to the current location and collect.appex */;
			productType = "com.apple.product-type.app-extension";
		};
		FAA456D02B265FEA00FC7287 /* Geranium */ = {
			isa = PBXNativeTarget;
			buildConfigurationList = FAA456F52B265FED00FC7287 /* Build configuration list for PBXNativeTarget "Geranium" */;
			buildPhases = (
				FAA456CD2B265FEA00FC7287 /* Sources */,
				FAA456CE2B265FEA00FC7287 /* Frameworks */,
				FAA456CF2B265FEA00FC7287 /* Resources */,
				796072ED2B4F4FAE00737B5D /* Embed Foundation Extensions */,
			);
			buildRules = (
			);
			dependencies = (
				16C2D3A32EDD07BD00D69D73 /* PBXTargetDependency */,
			);
			name = Geranium;
			packageProductDependencies = (
			);
			productName = Geranium;
			productReference = FAA456D12B265FEA00FC7287 /* Geranium.app */;
			productType = "com.apple.product-type.application";
		};
		FAA456E02B265FED00FC7287 /* GeraniumTests */ = {
			isa = PBXNativeTarget;
			buildConfigurationList = FAA456F82B265FED00FC7287 /* Build configuration list for PBXNativeTarget "GeraniumTests" */;
			buildPhases = (
				FAA456DD2B265FED00FC7287 /* Sources */,
				FAA456DE2B265FED00FC7287 /* Frameworks */,
				FAA456DF2B265FED00FC7287 /* Resources */,
			);
			buildRules = (
			);
			dependencies = (
				FAA456E32B265FED00FC7287 /* PBXTargetDependency */,
			);
			name = GeraniumTests;
			productName = GeraniumTests;
			productReference = FAA456E12B265FED00FC7287 /* GeraniumTests.xctest */;
			productType = "com.apple.product-type.bundle.unit-test";
		};
		FAA456EA2B265FED00FC7287 /* GeraniumUITests */ = {
			isa = PBXNativeTarget;
			buildConfigurationList = FAA456FB2B265FED00FC7287 /* Build configuration list for PBXNativeTarget "GeraniumUITests" */;
			buildPhases = (
				FAA456E72B265FED00FC7287 /* Sources */,
				FAA456E82B265FED00FC7287 /* Frameworks */,
				FAA456E92B265FED00FC7287 /* Resources */,
			);
			buildRules = (
			);
			dependencies = (
				FAA456ED2B265FED00FC7287 /* PBXTargetDependency */,
			);
			name = GeraniumUITests;
			productName = GeraniumUITests;
			productReference = FAA456EB2B265FED00FC7287 /* GeraniumUITests.xctest */;
			productType = "com.apple.product-type.bundle.ui-testing";
		};
/* End PBXNativeTarget section */

/* Begin PBXProject section */
		FAA456C92B265FEA00FC7287 /* Project object */ = {
			isa = PBXProject;
			attributes = {
				BuildIndependentTargetsInParallel = 1;
				LastSwiftUpdateCheck = 2610;
				LastUpgradeCheck = 1510;
				TargetAttributes = {
					16C2D3992EDD07BC00D69D73 = {
						CreatedOnToolsVersion = 26.1.1;
					};
					FAA456D02B265FEA00FC7287 = {
						CreatedOnToolsVersion = 15.0.1;
					};
					FAA456E02B265FED00FC7287 = {
						CreatedOnToolsVersion = 15.0.1;
						TestTargetID = FAA456D02B265FEA00FC7287;
					};
					FAA456EA2B265FED00FC7287 = {
						CreatedOnToolsVersion = 15.0.1;
						TestTargetID = FAA456D02B265FEA00FC7287;
					};
				};
			};
			buildConfigurationList = FAA456CC2B265FEA00FC7287 /* Build configuration list for PBXProject "Geranium" */;
			compatibilityVersion = "Xcode 14.0";
			developmentRegion = en;
			hasScannedForEncodings = 0;
			knownRegions = (
				en,
				Base,
				fr,
				sk,
				"zh-Hans",
				de,
				"es-419",
				ja,
				cs,
				"zh-Hant",
				sv,
				vi,
				it,
				es,
				ca,
				sq,
				ko,
				ru,
				fa,
				"en-GB",
			);
			mainGroup = FAA456C82B265FEA00FC7287;
			packageReferences = (
			);
			productRefGroup = FAA456D22B265FEA00FC7287 /* Products */;
			projectDirPath = "";
			projectRoot = "";
			targets = (
				FAA456D02B265FEA00FC7287 /* Geranium */,
				FAA456E02B265FED00FC7287 /* GeraniumTests */,
				FAA456EA2B265FED00FC7287 /* GeraniumUITests */,
				16C2D3992EDD07BC00D69D73 /* Locate to the current location and collect */,
			);
		};
/* End PBXProject section */

/* Begin PBXResourcesBuildPhase section */
		16C2D3982EDD07BC00D69D73 /* Resources */ = {
			isa = PBXResourcesBuildPhase;
			buildActionMask = 2147483647;
			files = (
			);
			runOnlyForDeploymentPostprocessing = 0;
		};
		FAA456CF2B265FEA00FC7287 /* Resources */ = {
			isa = PBXResourcesBuildPhase;
			buildActionMask = 2147483647;
			files = (
				FAA456DC2B265FEC00FC7287 /* Preview Assets.xcassets in Resources */,
				FAA456D92B265FEC00FC7287 /* Assets.xcassets in Resources */,
				790301C12B377EA70044E30A /* Localizable.xcstrings in Resources */,
			);
			runOnlyForDeploymentPostprocessing = 0;
		};
		FAA456DF2B265FED00FC7287 /* Resources */ = {
			isa = PBXResourcesBuildPhase;
			buildActionMask = 2147483647;
			files = (
			);
			runOnlyForDeploymentPostprocessing = 0;
		};
		FAA456E92B265FED00FC7287 /* Resources */ = {
			isa = PBXResourcesBuildPhase;
			buildActionMask = 2147483647;
			files = (
			);
			runOnlyForDeploymentPostprocessing = 0;
		};
/* End PBXResourcesBuildPhase section */

/* Begin PBXSourcesBuildPhase section */
		16C2D3962EDD07BC00D69D73 /* Sources */ = {
			isa = PBXSourcesBuildPhase;
			buildActionMask = 2147483647;
			files = (
			);
			runOnlyForDeploymentPostprocessing = 0;
		};
		FAA456CD2B265FEA00FC7287 /* Sources */ = {
			isa = PBXSourcesBuildPhase;
			buildActionMask = 2147483647;
			files = (
				FAA457232B26654700FC7287 /* Addon.swift in Sources */,
				F82C58042E37786D00F76DFA /* CoordTransform.swift in Sources */,
				799488A62B347E2C00AFFDCF /* LocSimManager.swift in Sources */,
				FAA456D72B265FEA00FC7287 /* ContentView.swift in Sources */,
				FAA456D52B265FEA00FC7287 /* GeraniumApp.swift in Sources */,
				7F5B52E184854CC7B0482253 /* LocationModels.swift in Sources */,
				7002B0DAE1CB4BB7852C6BF6 /* LocationSpoofingEngine.swift in Sources */,
				991F25A3C174462C9278E41B /* Bookmark.swift in Sources */,
				F59FE641C91349D99152FA8F /* BookmarkStore.swift in Sources */,
				7D89B5874C494E589F3B01EF /* LocSimSettings.swift in Sources */,
				7460C665F5FE440699E2380C /* LocSimAppModel.swift in Sources */,
				6C64D385951749AC917E2FF6 /* MapViewModel.swift in Sources */,
				347BEE85373749BDA28EFB0B /* BookmarksViewModel.swift in Sources */,
				0719A2FDD3F943368311230F /* SettingsViewModel.swift in Sources */,
				67527A7DB28B4FF6BA5B85B4 /* BookmarkEditorMode.swift in Sources */,
				994EDB43E82B4DEBAE2D99A4 /* MainTabView.swift in Sources */,
				E90E4FCDF6B641E28BB3A0D2 /* MapScreen.swift in Sources */,
				363B452057D84096BF4DA3FE /* MapCanvasView.swift in Sources */,
				3CF769C315BC461BBC34D2FA /* BookmarksScreen.swift in Sources */,
				2AE2A2061A2C4050BC62164E /* BookmarkCardView.swift in Sources */,
				11A101A58C814A5FB0B57E9C /* BookmarkEditorView.swift in Sources */,
				8E4ADBAEBAD243FE9045D0D1 /* SettingsScreen.swift in Sources */,
				5494540E0365446BAFCA858B /* StatusBadge.swift in Sources */,
			);
			runOnlyForDeploymentPostprocessing = 0;
		};
		FAA456DD2B265FED00FC7287 /* Sources */ = {
			isa = PBXSourcesBuildPhase;
			buildActionMask = 2147483647;
			files = (
			);
			runOnlyForDeploymentPostprocessing = 0;
		};
		FAA456E72B265FED00FC7287 /* Sources */ = {
			isa = PBXSourcesBuildPhase;
			buildActionMask = 2147483647;
			files = (
			);
			runOnlyForDeploymentPostprocessing = 0;
		};
/* End PBXSourcesBuildPhase section */

/* Begin PBXTargetDependency section */
		16C2D3A32EDD07BD00D69D73 /* PBXTargetDependency */ = {
			isa = PBXTargetDependency;
			target = 16C2D3992EDD07BC00D69D73 /* Locate to the current location and collect */;
			targetProxy = 16C2D3A22EDD07BD00D69D73 /* PBXContainerItemProxy */;
		};
		FAA456E32B265FED00FC7287 /* PBXTargetDependency */ = {
			isa = PBXTargetDependency;
			target = FAA456D02B265FEA00FC7287 /* Geranium */;
			targetProxy = FAA456E22B265FED00FC7287 /* PBXContainerItemProxy */;
		};
		FAA456ED2B265FED00FC7287 /* PBXTargetDependency */ = {
			isa = PBXTargetDependency;
			target = FAA456D02B265FEA00FC7287 /* Geranium */;
			targetProxy = FAA456EC2B265FED00FC7287 /* PBXContainerItemProxy */;
		};
/* End PBXTargetDependency section */

/* Begin XCBuildConfiguration section */
		16C2D3A72EDD07BD00D69D73 /* Debug */ = {
			isa = XCBuildConfiguration;
			buildSettings = {
				CODE_SIGN_ENTITLEMENTS = "Locate to the current location and collect/Locate to the current location and collect.entitlements";
				CODE_SIGN_STYLE = Automatic;
				CURRENT_PROJECT_VERSION = 1;
				DEVELOPMENT_TEAM = 7G89J82G2A;
				GENERATE_INFOPLIST_FILE = YES;
				INFOPLIST_FILE = "Locate to the current location and collect/Info.plist";
				INFOPLIST_KEY_CFBundleDisplayName = "Locate to the current location and collect";
				INFOPLIST_KEY_NSHumanReadableCopyright = "";
				IPHONEOS_DEPLOYMENT_TARGET = 14.5;
				LD_RUNPATH_SEARCH_PATHS = (
					"$(inherited)",
					"@executable_path/Frameworks",
					"@executable_path/../../Frameworks",
				);
				MARKETING_VERSION = 1.0.0;
				PRODUCT_BUNDLE_IDENTIFIER = "live.cclerc.geranium.Locate-to-the-current-location-and-collect";
				PRODUCT_NAME = "$(TARGET_NAME)";
				SKIP_INSTALL = YES;
				STRING_CATALOG_GENERATE_SYMBOLS = YES;
				SUPPORTED_PLATFORMS = "iphoneos iphonesimulator";
				SUPPORTS_MACCATALYST = NO;
				SUPPORTS_MAC_DESIGNED_FOR_IPHONE_IPAD = NO;
				SUPPORTS_XR_DESIGNED_FOR_IPHONE_IPAD = NO;
				SWIFT_APPROACHABLE_CONCURRENCY = YES;
				SWIFT_EMIT_LOC_STRINGS = YES;
				SWIFT_UPCOMING_FEATURE_MEMBER_IMPORT_VISIBILITY = YES;
				SWIFT_VERSION = 5.0;
				TARGETED_DEVICE_FAMILY = "1,2";
			};
			name = Debug;
		};
		16C2D3A82EDD07BD00D69D73 /* Release */ = {
			isa = XCBuildConfiguration;
			buildSettings = {
				CODE_SIGN_ENTITLEMENTS = "Locate to the current location and collect/Locate to the current location and collect.entitlements";
				CODE_SIGN_STYLE = Automatic;
				CURRENT_PROJECT_VERSION = 1;
				DEVELOPMENT_TEAM = 7G89J82G2A;
				GENERATE_INFOPLIST_FILE = YES;
				INFOPLIST_FILE = "Locate to the current location and collect/Info.plist";
				INFOPLIST_KEY_CFBundleDisplayName = "Locate to the current location and collect";
				INFOPLIST_KEY_NSHumanReadableCopyright = "";
				IPHONEOS_DEPLOYMENT_TARGET = 14.5;
				LD_RUNPATH_SEARCH_PATHS = (
					"$(inherited)",
					"@executable_path/Frameworks",
					"@executable_path/../../Frameworks",
				);
				MARKETING_VERSION = 1.0.0;
				PRODUCT_BUNDLE_IDENTIFIER = "live.cclerc.geranium.Locate-to-the-current-location-and-collect";
				PRODUCT_NAME = "$(TARGET_NAME)";
				SKIP_INSTALL = YES;
				STRING_CATALOG_GENERATE_SYMBOLS = YES;
				SUPPORTED_PLATFORMS = "iphoneos iphonesimulator";
				SUPPORTS_MACCATALYST = NO;
				SUPPORTS_MAC_DESIGNED_FOR_IPHONE_IPAD = NO;
				SUPPORTS_XR_DESIGNED_FOR_IPHONE_IPAD = NO;
				SWIFT_APPROACHABLE_CONCURRENCY = YES;
				SWIFT_EMIT_LOC_STRINGS = YES;
				SWIFT_UPCOMING_FEATURE_MEMBER_IMPORT_VISIBILITY = YES;
				SWIFT_VERSION = 5.0;
				TARGETED_DEVICE_FAMILY = "1,2";
			};
			name = Release;
		};
		FAA456F32B265FED00FC7287 /* Debug */ = {
			isa = XCBuildConfiguration;
			buildSettings = {
				ALWAYS_SEARCH_USER_PATHS = NO;
				ASSETCATALOG_COMPILER_GENERATE_SWIFT_ASSET_SYMBOL_EXTENSIONS = YES;
				CLANG_ANALYZER_LOCALIZABILITY_NONLOCALIZED = YES;
				CLANG_ANALYZER_NONNULL = YES;
				CLANG_ANALYZER_NUMBER_OBJECT_CONVERSION = YES_AGGRESSIVE;
				CLANG_CXX_LANGUAGE_STANDARD = "gnu++20";
				CLANG_ENABLE_MODULES = YES;
				CLANG_ENABLE_OBJC_ARC = YES;
				CLANG_ENABLE_OBJC_WEAK = YES;
				CLANG_WARN_BLOCK_CAPTURE_AUTORELEASING = YES;
				CLANG_WARN_BOOL_CONVERSION = YES;
				CLANG_WARN_COMMA = YES;
				CLANG_WARN_CONSTANT_CONVERSION = YES;
				CLANG_WARN_DEPRECATED_OBJC_IMPLEMENTATIONS = YES;
				CLANG_WARN_DIRECT_OBJC_ISA_USAGE = YES_ERROR;
				CLANG_WARN_DOCUMENTATION_COMMENTS = YES;
				CLANG_WARN_EMPTY_BODY = YES;
				CLANG_WARN_ENUM_CONVERSION = YES;
				CLANG_WARN_INFINITE_RECURSION = YES;
				CLANG_WARN_INT_CONVERSION = YES;
				CLANG_WARN_NON_LITERAL_NULL_CONVERSION = YES;
				CLANG_WARN_OBJC_IMPLICIT_RETAIN_SELF = YES;
				CLANG_WARN_OBJC_LITERAL_CONVERSION = YES;
				CLANG_WARN_OBJC_ROOT_CLASS = YES_ERROR;
				CLANG_WARN_QUOTED_INCLUDE_IN_FRAMEWORK_HEADER = YES;
				CLANG_WARN_RANGE_LOOP_ANALYSIS = YES;
				CLANG_WARN_STRICT_PROTOTYPES = YES;
				CLANG_WARN_SUSPICIOUS_MOVE = YES;
				CLANG_WARN_UNGUARDED_AVAILABILITY = YES_AGGRESSIVE;
				CLANG_WARN_UNREACHABLE_CODE = YES;
				CLANG_WARN__DUPLICATE_METHOD_MATCH = YES;
				COPY_PHASE_STRIP = NO;
				DEBUG_INFORMATION_FORMAT = dwarf;
				ENABLE_STRICT_OBJC_MSGSEND = YES;
				ENABLE_TESTABILITY = YES;
				ENABLE_USER_SCRIPT_SANDBOXING = YES;
				GCC_C_LANGUAGE_STANDARD = gnu17;
				GCC_DYNAMIC_NO_PIC = NO;
				GCC_NO_COMMON_BLOCKS = YES;
				GCC_OPTIMIZATION_LEVEL = 0;
				GCC_PREPROCESSOR_DEFINITIONS = (
					"DEBUG=1",
					"$(inherited)",
				);
				GCC_WARN_64_TO_32_BIT_CONVERSION = YES;
				GCC_WARN_ABOUT_RETURN_TYPE = YES_ERROR;
				GCC_WARN_UNDECLARED_SELECTOR = YES;
				GCC_WARN_UNINITIALIZED_AUTOS = YES_AGGRESSIVE;
				GCC_WARN_UNUSED_FUNCTION = YES;
				GCC_WARN_UNUSED_VARIABLE = YES;
				IPHONEOS_DEPLOYMENT_TARGET = 16.0;
				LOCALIZATION_PREFERS_STRING_CATALOGS = YES;
				MTL_ENABLE_DEBUG_INFO = INCLUDE_SOURCE;
				MTL_FAST_MATH = YES;
				ONLY_ACTIVE_ARCH = YES;
				SDKROOT = iphoneos;
				SWIFT_ACTIVE_COMPILATION_CONDITIONS = "DEBUG $(inherited)";
				SWIFT_OPTIMIZATION_LEVEL = "-Onone";
			};
			name = Debug;
		};
		FAA456F42B265FED00FC7287 /* Release */ = {
			isa = XCBuildConfiguration;
			buildSettings = {
				ALWAYS_SEARCH_USER_PATHS = NO;
				ASSETCATALOG_COMPILER_GENERATE_SWIFT_ASSET_SYMBOL_EXTENSIONS = YES;
				CLANG_ANALYZER_LOCALIZABILITY_NONLOCALIZED = YES;
				CLANG_ANALYZER_NONNULL = YES;
				CLANG_ANALYZER_NUMBER_OBJECT_CONVERSION = YES_AGGRESSIVE;
				CLANG_CXX_LANGUAGE_STANDARD = "gnu++20";
				CLANG_ENABLE_MODULES = YES;
				CLANG_ENABLE_OBJC_ARC = YES;
				CLANG_ENABLE_OBJC_WEAK = YES;
				CLANG_WARN_BLOCK_CAPTURE_AUTORELEASING = YES;
				CLANG_WARN_BOOL_CONVERSION = YES;
				CLANG_WARN_COMMA = YES;
				CLANG_WARN_CONSTANT_CONVERSION = YES;
				CLANG_WARN_DEPRECATED_OBJC_IMPLEMENTATIONS = YES;
				CLANG_WARN_DIRECT_OBJC_ISA_USAGE = YES_ERROR;
				CLANG_WARN_DOCUMENTATION_COMMENTS = YES;
				CLANG_WARN_EMPTY_BODY = YES;
				CLANG_WARN_ENUM_CONVERSION = YES;
				CLANG_WARN_INFINITE_RECURSION = YES;
				CLANG_WARN_INT_CONVERSION = YES;
				CLANG_WARN_NON_LITERAL_NULL_CONVERSION = YES;
				CLANG_WARN_OBJC_IMPLICIT_RETAIN_SELF = YES;
				CLANG_WARN_OBJC_LITERAL_CONVERSION = YES;
				CLANG_WARN_OBJC_ROOT_CLASS = YES_ERROR;
				CLANG_WARN_QUOTED_INCLUDE_IN_FRAMEWORK_HEADER = YES;
				CLANG_WARN_RANGE_LOOP_ANALYSIS = YES;
				CLANG_WARN_STRICT_PROTOTYPES = YES;
				CLANG_WARN_SUSPICIOUS_MOVE = YES;
				CLANG_WARN_UNGUARDED_AVAILABILITY = YES_AGGRESSIVE;
				CLANG_WARN_UNREACHABLE_CODE = YES;
				CLANG_WARN__DUPLICATE_METHOD_MATCH = YES;
				COPY_PHASE_STRIP = NO;
				DEBUG_INFORMATION_FORMAT = "dwarf-with-dsym";
				ENABLE_NS_ASSERTIONS = NO;
				ENABLE_STRICT_OBJC_MSGSEND = YES;
				ENABLE_USER_SCRIPT_SANDBOXING = YES;
				GCC_C_LANGUAGE_STANDARD = gnu17;
				GCC_NO_COMMON_BLOCKS = YES;
				GCC_WARN_64_TO_32_BIT_CONVERSION = YES;
				GCC_WARN_ABOUT_RETURN_TYPE = YES_ERROR;
				GCC_WARN_UNDECLARED_SELECTOR = YES;
				GCC_WARN_UNINITIALIZED_AUTOS = YES_AGGRESSIVE;
				GCC_WARN_UNUSED_FUNCTION = YES;
				GCC_WARN_UNUSED_VARIABLE = YES;
				IPHONEOS_DEPLOYMENT_TARGET = 16.0;
				LOCALIZATION_PREFERS_STRING_CATALOGS = YES;
				MTL_ENABLE_DEBUG_INFO = NO;
				MTL_FAST_MATH = YES;
				SDKROOT = iphoneos;
				SWIFT_COMPILATION_MODE = wholemodule;
				VALIDATE_PRODUCT = YES;
			};
			name = Release;
		};
		FAA456F62B265FED00FC7287 /* Debug */ = {
			isa = XCBuildConfiguration;
			buildSettings = {
				ALWAYS_EMBED_SWIFT_STANDARD_LIBRARIES = YES;
				ASSETCATALOG_COMPILER_APPICON_NAME = AppIcon;
				ASSETCATALOG_COMPILER_GLOBAL_ACCENT_COLOR_NAME = AccentColor;
				CODE_SIGN_ENTITLEMENTS = Geranium/Geranium.entitlements;
				CODE_SIGN_STYLE = Automatic;
				CURRENT_PROJECT_VERSION = 1;
				DEVELOPMENT_ASSET_PATHS = "\"Geranium/Preview Content\"";
				DEVELOPMENT_TEAM = 7G89J82G2A;
				ENABLE_PREVIEWS = YES;
				GENERATE_INFOPLIST_FILE = YES;
				INFOPLIST_FILE = Geranium/Info.plist;
				INFOPLIST_KEY_CFBundleDisplayName = Geranium;
				INFOPLIST_KEY_LSApplicationCategoryType = "";
				INFOPLIST_KEY_NSLocationUsageDescription = "Enabling location for Geranium makes it possible for the app to display your location on the map.";
				INFOPLIST_KEY_NSLocationWhenInUseUsageDescription = "This will allow the app to display your location on the LocSim map.";
				INFOPLIST_KEY_UIApplicationSceneManifest_Generation = YES;
				INFOPLIST_KEY_UIApplicationSupportsIndirectInputEvents = YES;
				INFOPLIST_KEY_UILaunchScreen_Generation = YES;
				INFOPLIST_KEY_UIStatusBarHidden = NO;
				INFOPLIST_KEY_UISupportedInterfaceOrientations = "UIInterfaceOrientationLandscapeLeft UIInterfaceOrientationLandscapeRight UIInterfaceOrientationPortrait";
				INFOPLIST_KEY_UISupportedInterfaceOrientations_iPad = "UIInterfaceOrientationLandscapeLeft UIInterfaceOrientationLandscapeRight UIInterfaceOrientationPortrait UIInterfaceOrientationPortraitUpsideDown";
				IPHONEOS_DEPLOYMENT_TARGET = 15.0;
				LD_RUNPATH_SEARCH_PATHS = (
					"$(inherited)",
					"@executable_path/Frameworks",
				);
				MARKETING_VERSION = 1.0.0;
				PRODUCT_BUNDLE_IDENTIFIER = live.cclerc.geranium;
				PRODUCT_NAME = "$(TARGET_NAME)";
				SWIFT_EMIT_LOC_STRINGS = YES;
				SWIFT_OBJC_BRIDGING_HEADER = "Geranium/Geranium-Bringing-Header.h";
				SWIFT_VERSION = 5.0;
				TARGETED_DEVICE_FAMILY = "1,2";
			};
			name = Debug;
		};
		FAA456F72B265FED00FC7287 /* Release */ = {
			isa = XCBuildConfiguration;
			buildSettings = {
				ALWAYS_EMBED_SWIFT_STANDARD_LIBRARIES = YES;
				ASSETCATALOG_COMPILER_APPICON_NAME = AppIcon;
				ASSETCATALOG_COMPILER_GLOBAL_ACCENT_COLOR_NAME = AccentColor;
				CODE_SIGN_ENTITLEMENTS = Geranium/Geranium.entitlements;
				CODE_SIGN_STYLE = Automatic;
				CURRENT_PROJECT_VERSION = 1;
				DEVELOPMENT_ASSET_PATHS = "\"Geranium/Preview Content\"";
				DEVELOPMENT_TEAM = 7G89J82G2A;
				ENABLE_PREVIEWS = YES;
				GENERATE_INFOPLIST_FILE = YES;
				INFOPLIST_FILE = Geranium/Info.plist;
				INFOPLIST_KEY_CFBundleDisplayName = Geranium;
				INFOPLIST_KEY_LSApplicationCategoryType = "";
				INFOPLIST_KEY_NSLocationUsageDescription = "Enabling location for Geranium makes it possible for the app to display your location on the map.";
				INFOPLIST_KEY_NSLocationWhenInUseUsageDescription = "This will allow the app to display your location on the LocSim map.";
				INFOPLIST_KEY_UIApplicationSceneManifest_Generation = YES;
				INFOPLIST_KEY_UIApplicationSupportsIndirectInputEvents = YES;
				INFOPLIST_KEY_UILaunchScreen_Generation = YES;
				INFOPLIST_KEY_UIStatusBarHidden = NO;
				INFOPLIST_KEY_UISupportedInterfaceOrientations = "UIInterfaceOrientationLandscapeLeft UIInterfaceOrientationLandscapeRight UIInterfaceOrientationPortrait";
				INFOPLIST_KEY_UISupportedInterfaceOrientations_iPad = "UIInterfaceOrientationLandscapeLeft UIInterfaceOrientationLandscapeRight UIInterfaceOrientationPortrait UIInterfaceOrientationPortraitUpsideDown";
				IPHONEOS_DEPLOYMENT_TARGET = 15.0;
				LD_RUNPATH_SEARCH_PATHS = (
					"$(inherited)",
					"@executable_path/Frameworks",
				);
				MARKETING_VERSION = 1.0.0;
				PRODUCT_BUNDLE_IDENTIFIER = live.cclerc.geranium;
				PRODUCT_NAME = "$(TARGET_NAME)";
				SWIFT_EMIT_LOC_STRINGS = YES;
				SWIFT_OBJC_BRIDGING_HEADER = "Geranium/Geranium-Bringing-Header.h";
				SWIFT_VERSION = 5.0;
				TARGETED_DEVICE_FAMILY = "1,2";
			};
			name = Release;
		};
		FAA456F92B265FED00FC7287 /* Debug */ = {
			isa = XCBuildConfiguration;
			buildSettings = {
				ALWAYS_EMBED_SWIFT_STANDARD_LIBRARIES = YES;
				BUNDLE_LOADER = "$(TEST_HOST)";
				CODE_SIGN_STYLE = Automatic;
				CURRENT_PROJECT_VERSION = 1;
				DEVELOPMENT_TEAM = 7G89J82G2A;
				GENERATE_INFOPLIST_FILE = YES;
				IPHONEOS_DEPLOYMENT_TARGET = 17.0;
				MARKETING_VERSION = 1.0.0;
				PRODUCT_BUNDLE_IDENTIFIER = live.cclerc.GeraniumTests;
				PRODUCT_NAME = "$(TARGET_NAME)";
				SWIFT_EMIT_LOC_STRINGS = NO;
				SWIFT_VERSION = 5.0;
				TARGETED_DEVICE_FAMILY = "1,2";
				TEST_HOST = "$(BUILT_PRODUCTS_DIR)/Geranium.app/$(BUNDLE_EXECUTABLE_FOLDER_PATH)/Geranium";
			};
			name = Debug;
		};
		FAA456FA2B265FED00FC7287 /* Release */ = {
			isa = XCBuildConfiguration;
			buildSettings = {
				ALWAYS_EMBED_SWIFT_STANDARD_LIBRARIES = YES;
				BUNDLE_LOADER = "$(TEST_HOST)";
				CODE_SIGN_STYLE = Automatic;
				CURRENT_PROJECT_VERSION = 1;
				DEVELOPMENT_TEAM = 7G89J82G2A;
				GENERATE_INFOPLIST_FILE = YES;
				IPHONEOS_DEPLOYMENT_TARGET = 17.0;
				MARKETING_VERSION = 1.0.0;
				PRODUCT_BUNDLE_IDENTIFIER = live.cclerc.GeraniumTests;
				PRODUCT_NAME = "$(TARGET_NAME)";
				SWIFT_EMIT_LOC_STRINGS = NO;
				SWIFT_VERSION = 5.0;
				TARGETED_DEVICE_FAMILY = "1,2";
				TEST_HOST = "$(BUILT_PRODUCTS_DIR)/Geranium.app/$(BUNDLE_EXECUTABLE_FOLDER_PATH)/Geranium";
			};
			name = Release;
		};
		FAA456FC2B265FED00FC7287 /* Debug */ = {
			isa = XCBuildConfiguration;
			buildSettings = {
				ALWAYS_EMBED_SWIFT_STANDARD_LIBRARIES = YES;
				CODE_SIGN_STYLE = Automatic;
				CURRENT_PROJECT_VERSION = 1;
				DEVELOPMENT_TEAM = 7G89J82G2A;
				GENERATE_INFOPLIST_FILE = YES;
				MARKETING_VERSION = 1.0.0;
				PRODUCT_BUNDLE_IDENTIFIER = live.cclerc.GeraniumUITests;
				PRODUCT_NAME = "$(TARGET_NAME)";
				SWIFT_EMIT_LOC_STRINGS = NO;
				SWIFT_VERSION = 5.0;
				TARGETED_DEVICE_FAMILY = "1,2";
				TEST_TARGET_NAME = Geranium;
			};
			name = Debug;
		};
		FAA456FD2B265FED00FC7287 /* Release */ = {
			isa = XCBuildConfiguration;
			buildSettings = {
				ALWAYS_EMBED_SWIFT_STANDARD_LIBRARIES = YES;
				CODE_SIGN_STYLE = Automatic;
				CURRENT_PROJECT_VERSION = 1;
				DEVELOPMENT_TEAM = 7G89J82G2A;
				GENERATE_INFOPLIST_FILE = YES;
				MARKETING_VERSION = 1.0.0;
				PRODUCT_BUNDLE_IDENTIFIER = live.cclerc.GeraniumUITests;
				PRODUCT_NAME = "$(TARGET_NAME)";
				SWIFT_EMIT_LOC_STRINGS = NO;
				SWIFT_VERSION = 5.0;
				TARGETED_DEVICE_FAMILY = "1,2";
				TEST_TARGET_NAME = Geranium;
			};
			name = Release;
		};
/* End XCBuildConfiguration section */

/* Begin XCConfigurationList section */
		16C2D3A62EDD07BD00D69D73 /* Build configuration list for PBXNativeTarget "Locate to the current location and collect" */ = {
			isa = XCConfigurationList;
			buildConfigurations = (
				16C2D3A72EDD07BD00D69D73 /* Debug */,
				16C2D3A82EDD07BD00D69D73 /* Release */,
			);
			defaultConfigurationIsVisible = 0;
			defaultConfigurationName = Release;
		};
		FAA456CC2B265FEA00FC7287 /* Build configuration list for PBXProject "Geranium" */ = {
			isa = XCConfigurationList;
			buildConfigurations = (
				FAA456F32B265FED00FC7287 /* Debug */,
				FAA456F42B265FED00FC7287 /* Release */,
			);
			defaultConfigurationIsVisible = 0;
			defaultConfigurationName = Release;
		};
		FAA456F52B265FED00FC7287 /* Build configuration list for PBXNativeTarget "Geranium" */ = {
			isa = XCConfigurationList;
			buildConfigurations = (
				FAA456F62B265FED00FC7287 /* Debug */,
				FAA456F72B265FED00FC7287 /* Release */,
			);
			defaultConfigurationIsVisible = 0;
			defaultConfigurationName = Release;
		};
		FAA456F82B265FED00FC7287 /* Build configuration list for PBXNativeTarget "GeraniumTests" */ = {
			isa = XCConfigurationList;
			buildConfigurations = (
				FAA456F92B265FED00FC7287 /* Debug */,
				FAA456FA2B265FED00FC7287 /* Release */,
			);
			defaultConfigurationIsVisible = 0;
			defaultConfigurationName = Release;
		};
		FAA456FB2B265FED00FC7287 /* Build configuration list for PBXNativeTarget "GeraniumUITests" */ = {
			isa = XCConfigurationList;
			buildConfigurations = (
				FAA456FC2B265FED00FC7287 /* Debug */,
				FAA456FD2B265FED00FC7287 /* Release */,
			);
			defaultConfigurationIsVisible = 0;
			defaultConfigurationName = Release;
		};
/* End XCConfigurationList section */
	};
	rootObject = FAA456C92B265FEA00FC7287 /* Project object */;
}
